
Microsoft Visual Studio Solution File, Format Version 12.00
# Visual Studio 15
VisualStudioVersion = 15.0.27130.2010
MinimumVisualStudioVersion = 10.0.40219.1
Project("{9A19103F-16F7-4668-BE54-9A1E7A4F7556}") = "VSC", "VSC.csproj", "{0CCC5AC6-596F-4A36-8064-3AEB1C0C280C}"
EndProject
Global
	GlobalSection(SolutionConfigurationPlatforms) = preSolution
		Debug|Any CPU = Debug|Any CPU
		Release|Any CPU = Release|Any CPU
	EndGlobalSection
	GlobalSection(ProjectConfigurationPlatforms) = postSolution
		{0CCC5AC6-596F-4A36-8064-3AEB1C0C280C}.Debug|Any CPU.ActiveCfg = Debug|Any CPU
		{0CCC5AC6-596F-4A36-8064-3AEB1C0C280C}.Debug|Any CPU.Build.0 = Debug|Any CPU
		{0CCC5AC6-596F-4A36-8064-3AEB1C0C280C}.Release|Any CPU.ActiveCfg = Release|Any CPU
		{0CCC5AC6-596F-4A36-8064-3AEB1C0C280C}.Release|Any CPU.Build.0 = Release|Any CPU
	EndGlobalSection
	GlobalSection(SolutionProperties) = preSolution
		HideSolutionNode = FALSE
	EndGlobalSection
	GlobalSection(ExtensibilityGlobals) = postSolution
		SolutionGuid = {74350D0E-361D-4719-B2D3-0F17BBDB9E5F}
	EndGlobalSection
EndGlobal
